
Microsoft Visual Studio Solution File, Format Version 12.00
# Visual Studio Version 16
VisualStudioVersion = 16.0.30804.86
MinimumVisualStudioVersion = 10.0.40219.1
Project("{9A19103F-16F7-4668-BE54-9A1E7A4F7556}") = "AdventOfCode2020.Day01", "src\AdventOfCode2020.Day01\AdventOfCode2020.Day01.csproj", "{99F0ACB2-EE91-44D4-A943-482706F9F48F}"
EndProject
Project("{2150E333-8FDC-42A3-9474-1A3956D46DE8}") = "Solution Items", "Solution Items", "{D37BDAC3-2BEA-4CBC-BED6-8288D5AA62A5}"
	ProjectSection(SolutionItems) = preProject
		.editorconfig = .editorconfig
		Directory.Build.props = Directory.Build.props
	EndProjectSection
EndProject
Project("{9A19103F-16F7-4668-BE54-9A1E7A4F7556}") = "AdventOfCode2020.Day02", "src\AdventOfCode2020.Day02\AdventOfCode2020.Day02.csproj", "{E26247B1-F07C-471A-A1C2-D5C558C4313B}"
EndProject
Project("{9A19103F-16F7-4668-BE54-9A1E7A4F7556}") = "AdventOfCode2020.Day03", "src\AdventOfCode2020.Day03\AdventOfCode2020.Day03.csproj", "{C6352106-CDD1-4207-9AC6-F711BF9CCF20}"
EndProject
Project("{9A19103F-16F7-4668-BE54-9A1E7A4F7556}") = "AdventOfCode2020.Day03.Tests", "test\AdventOfCode2020.Day03.Tests\AdventOfCode2020.Day03.Tests.csproj", "{343F258D-C5A5-4423-B3C7-63E60B5A7C68}"
EndProject
Project("{9A19103F-16F7-4668-BE54-9A1E7A4F7556}") = "AdventOfCode2020.Day04", "src\AdventOfCode2020.Day04\AdventOfCode2020.Day04.csproj", "{E8B369D7-9950-4898-8F2F-817166A86C17}"
EndProject
Project("{9A19103F-16F7-4668-BE54-9A1E7A4F7556}") = "AdventOfCode2020.Day05", "src\AdventOfCode2020.Day05\AdventOfCode2020.Day05.csproj", "{FDF3420D-8B98-4217-998F-DFDE6087FCE9}"
EndProject
Project("{9A19103F-16F7-4668-BE54-9A1E7A4F7556}") = "AdventOfCode2020.Day06", "src\AdventOfCode2020.Day06\AdventOfCode2020.Day06.csproj", "{F7F0329A-7BE6-43EB-B3DD-6EBA2680552C}"
EndProject
Project("{9A19103F-16F7-4668-BE54-9A1E7A4F7556}") = "AdventOfCode2020.Day07", "src\AdventOfCode2020.Day07\AdventOfCode2020.Day07.csproj", "{4CDC52ED-3923-436D-B06B-25C51C9F5A77}"
EndProject
Project("{9A19103F-16F7-4668-BE54-9A1E7A4F7556}") = "AdventOfCode2020.Day07.Tests", "test\AdventOfCode2020.Day07.Tests\AdventOfCode2020.Day07.Tests.csproj", "{FB4C5E37-39C8-4E75-B87F-037CEC25FF5B}"
EndProject
Project("{9A19103F-16F7-4668-BE54-9A1E7A4F7556}") = "AdventOfCode2020.Day08", "src\AdventOfCode2020.Day08\AdventOfCode2020.Day08.csproj", "{4F5D3533-EC86-43DA-B54A-805F24E77C81}"
EndProject
Project("{9A19103F-16F7-4668-BE54-9A1E7A4F7556}") = "AdventOfCode2020.Day09", "src\AdventOfCode2020.Day09\AdventOfCode2020.Day09.csproj", "{C9A6B8F7-1D35-4446-AACD-094686BF2F47}"
EndProject
Project("{9A19103F-16F7-4668-BE54-9A1E7A4F7556}") = "AdventOfCode2020.Day10", "src\AdventOfCode2020.Day10\AdventOfCode2020.Day10.csproj", "{60E106B1-2047-48D1-A9DF-71BA6DA0DC63}"
EndProject
Project("{9A19103F-16F7-4668-BE54-9A1E7A4F7556}") = "AdventOfCode2020.Day11", "src\AdventOfCode2020.Day11\AdventOfCode2020.Day11.csproj", "{DEA48891-4569-436D-BD1A-9D866664FEE4}"
EndProject
Project("{9A19103F-16F7-4668-BE54-9A1E7A4F7556}") = "AdventOfCode2020.Day12", "src\AdventOfCode2020.Day12\AdventOfCode2020.Day12.csproj", "{9B63A05B-F91E-48A1-AD31-DAEC7D3B4B0D}"
EndProject
Project("{9A19103F-16F7-4668-BE54-9A1E7A4F7556}") = "AdventOfCode2020.Day12.Tests", "test\AdventOfCode2020.Day12.Tests\AdventOfCode2020.Day12.Tests.csproj", "{2DF52540-8117-404F-A2CB-0BDE6766F8CF}"
EndProject
Project("{9A19103F-16F7-4668-BE54-9A1E7A4F7556}") = "AdventOfCode2020.Day13", "src\AdventOfCode2020.Day13\AdventOfCode2020.Day13.csproj", "{FA5B17BA-BECC-4DE0-9B1C-D87D59D3E168}"
EndProject
Project("{9A19103F-16F7-4668-BE54-9A1E7A4F7556}") = "AdventOfCode2020.Day13.Tests", "test\AdventOfCode2020.Day13.Tests\AdventOfCode2020.Day13.Tests.csproj", "{0EA0EEE5-5CB4-4D13-867A-D68821A9248B}"
EndProject
Project("{9A19103F-16F7-4668-BE54-9A1E7A4F7556}") = "AdventOfCode2020.Day14", "src\AdventOfCode2020.Day14\AdventOfCode2020.Day14.csproj", "{99646CB5-7911-4789-A504-BB9A4755DD46}"
EndProject
Project("{9A19103F-16F7-4668-BE54-9A1E7A4F7556}") = "AdventOfCode2020.Day15", "src\AdventOfCode2020.Day15\AdventOfCode2020.Day15.csproj", "{85D4148F-A661-44E6-8BF1-91B2448CCF9D}"
EndProject
Project("{9A19103F-16F7-4668-BE54-9A1E7A4F7556}") = "AdventOfCode2020.Day16", "src\AdventOfCode2020.Day16\AdventOfCode2020.Day16.csproj", "{C319CCD3-5C80-4F79-B8A1-FD1E3C379F5E}"
EndProject
Project("{FAE04EC0-301F-11D3-BF4B-00C04F79EFBC}") = "AdventOfCode2020.Day17", "src\AdventOfCode2020.Day17\AdventOfCode2020.Day17.csproj", "{C1DF45A1-56B9-4405-B86B-48585E09E6A2}"
EndProject
Project("{FAE04EC0-301F-11D3-BF4B-00C04F79EFBC}") = "AdventOfCode2020.Day18", "src\AdventOfCode2020.Day18\AdventOfCode2020.Day18.csproj", "{2911F3C2-D0F4-4395-B5B6-5170ACD2FECA}"
EndProject
Project("{FAE04EC0-301F-11D3-BF4B-00C04F79EFBC}") = "AdventOfCode2020.Day18.Tests", "test\AdventOfCode2020.Day18.Tests\AdventOfCode2020.Day18.Tests.csproj", "{9ACDF022-A896-4D8D-A0E1-1109043E8B4C}"
EndProject
Project("{FAE04EC0-301F-11D3-BF4B-00C04F79EFBC}") = "AdventOfCode2020.Day19", "src\AdventOfCode2020.Day19\AdventOfCode2020.Day19.csproj", "{0B7737E6-0CD5-473A-8092-094F2C5DFA45}"
EndProject
Global
	GlobalSection(SolutionConfigurationPlatforms) = preSolution
		Debug|Any CPU = Debug|Any CPU
		Release|Any CPU = Release|Any CPU
	EndGlobalSection
	GlobalSection(ProjectConfigurationPlatforms) = postSolution
		{99F0ACB2-EE91-44D4-A943-482706F9F48F}.Debug|Any CPU.ActiveCfg = Debug|Any CPU
		{99F0ACB2-EE91-44D4-A943-482706F9F48F}.Debug|Any CPU.Build.0 = Debug|Any CPU
		{99F0ACB2-EE91-44D4-A943-482706F9F48F}.Release|Any CPU.ActiveCfg = Release|Any CPU
		{99F0ACB2-EE91-44D4-A943-482706F9F48F}.Release|Any CPU.Build.0 = Release|Any CPU
		{E26247B1-F07C-471A-A1C2-D5C558C4313B}.Debug|Any CPU.ActiveCfg = Debug|Any CPU
		{E26247B1-F07C-471A-A1C2-D5C558C4313B}.Debug|Any CPU.Build.0 = Debug|Any CPU
		{E26247B1-F07C-471A-A1C2-D5C558C4313B}.Release|Any CPU.ActiveCfg = Release|Any CPU
		{E26247B1-F07C-471A-A1C2-D5C558C4313B}.Release|Any CPU.Build.0 = Release|Any CPU
		{C6352106-CDD1-4207-9AC6-F711BF9CCF20}.Debug|Any CPU.ActiveCfg = Debug|Any CPU
		{C6352106-CDD1-4207-9AC6-F711BF9CCF20}.Debug|Any CPU.Build.0 = Debug|Any CPU
		{C6352106-CDD1-4207-9AC6-F711BF9CCF20}.Release|Any CPU.ActiveCfg = Release|Any CPU
		{C6352106-CDD1-4207-9AC6-F711BF9CCF20}.Release|Any CPU.Build.0 = Release|Any CPU
		{343F258D-C5A5-4423-B3C7-63E60B5A7C68}.Debug|Any CPU.ActiveCfg = Debug|Any CPU
		{343F258D-C5A5-4423-B3C7-63E60B5A7C68}.Debug|Any CPU.Build.0 = Debug|Any CPU
		{343F258D-C5A5-4423-B3C7-63E60B5A7C68}.Release|Any CPU.ActiveCfg = Release|Any CPU
		{343F258D-C5A5-4423-B3C7-63E60B5A7C68}.Release|Any CPU.Build.0 = Release|Any CPU
		{E8B369D7-9950-4898-8F2F-817166A86C17}.Debug|Any CPU.ActiveCfg = Debug|Any CPU
		{E8B369D7-9950-4898-8F2F-817166A86C17}.Debug|Any CPU.Build.0 = Debug|Any CPU
		{E8B369D7-9950-4898-8F2F-817166A86C17}.Release|Any CPU.ActiveCfg = Release|Any CPU
		{E8B369D7-9950-4898-8F2F-817166A86C17}.Release|Any CPU.Build.0 = Release|Any CPU
		{FDF3420D-8B98-4217-998F-DFDE6087FCE9}.Debug|Any CPU.ActiveCfg = Debug|Any CPU
		{FDF3420D-8B98-4217-998F-DFDE6087FCE9}.Debug|Any CPU.Build.0 = Debug|Any CPU
		{FDF3420D-8B98-4217-998F-DFDE6087FCE9}.Release|Any CPU.ActiveCfg = Release|Any CPU
		{FDF3420D-8B98-4217-998F-DFDE6087FCE9}.Release|Any CPU.Build.0 = Release|Any CPU
		{F7F0329A-7BE6-43EB-B3DD-6EBA2680552C}.Debug|Any CPU.ActiveCfg = Debug|Any CPU
		{F7F0329A-7BE6-43EB-B3DD-6EBA2680552C}.Debug|Any CPU.Build.0 = Debug|Any CPU
		{F7F0329A-7BE6-43EB-B3DD-6EBA2680552C}.Release|Any CPU.ActiveCfg = Release|Any CPU
		{F7F0329A-7BE6-43EB-B3DD-6EBA2680552C}.Release|Any CPU.Build.0 = Release|Any CPU
		{4CDC52ED-3923-436D-B06B-25C51C9F5A77}.Debug|Any CPU.ActiveCfg = Debug|Any CPU
		{4CDC52ED-3923-436D-B06B-25C51C9F5A77}.Debug|Any CPU.Build.0 = Debug|Any CPU
		{4CDC52ED-3923-436D-B06B-25C51C9F5A77}.Release|Any CPU.ActiveCfg = Release|Any CPU
		{4CDC52ED-3923-436D-B06B-25C51C9F5A77}.Release|Any CPU.Build.0 = Release|Any CPU
		{FB4C5E37-39C8-4E75-B87F-037CEC25FF5B}.Debug|Any CPU.ActiveCfg = Debug|Any CPU
		{FB4C5E37-39C8-4E75-B87F-037CEC25FF5B}.Debug|Any CPU.Build.0 = Debug|Any CPU
		{FB4C5E37-39C8-4E75-B87F-037CEC25FF5B}.Release|Any CPU.ActiveCfg = Release|Any CPU
		{FB4C5E37-39C8-4E75-B87F-037CEC25FF5B}.Release|Any CPU.Build.0 = Release|Any CPU
		{4F5D3533-EC86-43DA-B54A-805F24E77C81}.Debug|Any CPU.ActiveCfg = Debug|Any CPU
		{4F5D3533-EC86-43DA-B54A-805F24E77C81}.Debug|Any CPU.Build.0 = Debug|Any CPU
		{4F5D3533-EC86-43DA-B54A-805F24E77C81}.Release|Any CPU.ActiveCfg = Release|Any CPU
		{4F5D3533-EC86-43DA-B54A-805F24E77C81}.Release|Any CPU.Build.0 = Release|Any CPU
		{C9A6B8F7-1D35-4446-AACD-094686BF2F47}.Debug|Any CPU.ActiveCfg = Debug|Any CPU
		{C9A6B8F7-1D35-4446-AACD-094686BF2F47}.Debug|Any CPU.Build.0 = Debug|Any CPU
		{C9A6B8F7-1D35-4446-AACD-094686BF2F47}.Release|Any CPU.ActiveCfg = Release|Any CPU
		{C9A6B8F7-1D35-4446-AACD-094686BF2F47}.Release|Any CPU.Build.0 = Release|Any CPU
		{60E106B1-2047-48D1-A9DF-71BA6DA0DC63}.Debug|Any CPU.ActiveCfg = Debug|Any CPU
		{60E106B1-2047-48D1-A9DF-71BA6DA0DC63}.Debug|Any CPU.Build.0 = Debug|Any CPU
		{60E106B1-2047-48D1-A9DF-71BA6DA0DC63}.Release|Any CPU.ActiveCfg = Release|Any CPU
		{60E106B1-2047-48D1-A9DF-71BA6DA0DC63}.Release|Any CPU.Build.0 = Release|Any CPU
		{DEA48891-4569-436D-BD1A-9D866664FEE4}.Debug|Any CPU.ActiveCfg = Debug|Any CPU
		{DEA48891-4569-436D-BD1A-9D866664FEE4}.Debug|Any CPU.Build.0 = Debug|Any CPU
		{DEA48891-4569-436D-BD1A-9D866664FEE4}.Release|Any CPU.ActiveCfg = Release|Any CPU
		{DEA48891-4569-436D-BD1A-9D866664FEE4}.Release|Any CPU.Build.0 = Release|Any CPU
		{9B63A05B-F91E-48A1-AD31-DAEC7D3B4B0D}.Debug|Any CPU.ActiveCfg = Debug|Any CPU
		{9B63A05B-F91E-48A1-AD31-DAEC7D3B4B0D}.Debug|Any CPU.Build.0 = Debug|Any CPU
		{9B63A05B-F91E-48A1-AD31-DAEC7D3B4B0D}.Release|Any CPU.ActiveCfg = Release|Any CPU
		{9B63A05B-F91E-48A1-AD31-DAEC7D3B4B0D}.Release|Any CPU.Build.0 = Release|Any CPU
		{2DF52540-8117-404F-A2CB-0BDE6766F8CF}.Debug|Any CPU.ActiveCfg = Debug|Any CPU
		{2DF52540-8117-404F-A2CB-0BDE6766F8CF}.Debug|Any CPU.Build.0 = Debug|Any CPU
		{2DF52540-8117-404F-A2CB-0BDE6766F8CF}.Release|Any CPU.ActiveCfg = Release|Any CPU
		{2DF52540-8117-404F-A2CB-0BDE6766F8CF}.Release|Any CPU.Build.0 = Release|Any CPU
		{FA5B17BA-BECC-4DE0-9B1C-D87D59D3E168}.Debug|Any CPU.ActiveCfg = Debug|Any CPU
		{FA5B17BA-BECC-4DE0-9B1C-D87D59D3E168}.Debug|Any CPU.Build.0 = Debug|Any CPU
		{FA5B17BA-BECC-4DE0-9B1C-D87D59D3E168}.Release|Any CPU.ActiveCfg = Release|Any CPU
		{FA5B17BA-BECC-4DE0-9B1C-D87D59D3E168}.Release|Any CPU.Build.0 = Release|Any CPU
		{0EA0EEE5-5CB4-4D13-867A-D68821A9248B}.Debug|Any CPU.ActiveCfg = Debug|Any CPU
		{0EA0EEE5-5CB4-4D13-867A-D68821A9248B}.Debug|Any CPU.Build.0 = Debug|Any CPU
		{0EA0EEE5-5CB4-4D13-867A-D68821A9248B}.Release|Any CPU.ActiveCfg = Release|Any CPU
		{0EA0EEE5-5CB4-4D13-867A-D68821A9248B}.Release|Any CPU.Build.0 = Release|Any CPU
		{99646CB5-7911-4789-A504-BB9A4755DD46}.Debug|Any CPU.ActiveCfg = Debug|Any CPU
		{99646CB5-7911-4789-A504-BB9A4755DD46}.Debug|Any CPU.Build.0 = Debug|Any CPU
		{99646CB5-7911-4789-A504-BB9A4755DD46}.Release|Any CPU.ActiveCfg = Release|Any CPU
		{99646CB5-7911-4789-A504-BB9A4755DD46}.Release|Any CPU.Build.0 = Release|Any CPU
		{85D4148F-A661-44E6-8BF1-91B2448CCF9D}.Debug|Any CPU.ActiveCfg = Debug|Any CPU
		{85D4148F-A661-44E6-8BF1-91B2448CCF9D}.Debug|Any CPU.Build.0 = Debug|Any CPU
		{85D4148F-A661-44E6-8BF1-91B2448CCF9D}.Release|Any CPU.ActiveCfg = Release|Any CPU
		{85D4148F-A661-44E6-8BF1-91B2448CCF9D}.Release|Any CPU.Build.0 = Release|Any CPU
		{C319CCD3-5C80-4F79-B8A1-FD1E3C379F5E}.Debug|Any CPU.ActiveCfg = Debug|Any CPU
		{C319CCD3-5C80-4F79-B8A1-FD1E3C379F5E}.Debug|Any CPU.Build.0 = Debug|Any CPU
		{C319CCD3-5C80-4F79-B8A1-FD1E3C379F5E}.Release|Any CPU.ActiveCfg = Release|Any CPU
		{C319CCD3-5C80-4F79-B8A1-FD1E3C379F5E}.Release|Any CPU.Build.0 = Release|Any CPU
		{C1DF45A1-56B9-4405-B86B-48585E09E6A2}.Debug|Any CPU.ActiveCfg = Debug|Any CPU
		{C1DF45A1-56B9-4405-B86B-48585E09E6A2}.Debug|Any CPU.Build.0 = Debug|Any CPU
		{C1DF45A1-56B9-4405-B86B-48585E09E6A2}.Release|Any CPU.ActiveCfg = Release|Any CPU
		{C1DF45A1-56B9-4405-B86B-48585E09E6A2}.Release|Any CPU.Build.0 = Release|Any CPU
		{2911F3C2-D0F4-4395-B5B6-5170ACD2FECA}.Debug|Any CPU.ActiveCfg = Debug|Any CPU
		{2911F3C2-D0F4-4395-B5B6-5170ACD2FECA}.Debug|Any CPU.Build.0 = Debug|Any CPU
		{2911F3C2-D0F4-4395-B5B6-5170ACD2FECA}.Release|Any CPU.ActiveCfg = Release|Any CPU
		{2911F3C2-D0F4-4395-B5B6-5170ACD2FECA}.Release|Any CPU.Build.0 = Release|Any CPU
		{9ACDF022-A896-4D8D-A0E1-1109043E8B4C}.Debug|Any CPU.ActiveCfg = Debug|Any CPU
		{9ACDF022-A896-4D8D-A0E1-1109043E8B4C}.Debug|Any CPU.Build.0 = Debug|Any CPU
		{9ACDF022-A896-4D8D-A0E1-1109043E8B4C}.Release|Any CPU.ActiveCfg = Release|Any CPU
		{9ACDF022-A896-4D8D-A0E1-1109043E8B4C}.Release|Any CPU.Build.0 = Release|Any CPU
		{0B7737E6-0CD5-473A-8092-094F2C5DFA45}.Debug|Any CPU.ActiveCfg = Debug|Any CPU
		{0B7737E6-0CD5-473A-8092-094F2C5DFA45}.Debug|Any CPU.Build.0 = Debug|Any CPU
		{0B7737E6-0CD5-473A-8092-094F2C5DFA45}.Release|Any CPU.ActiveCfg = Release|Any CPU
		{0B7737E6-0CD5-473A-8092-094F2C5DFA45}.Release|Any CPU.Build.0 = Release|Any CPU
	EndGlobalSection
	GlobalSection(SolutionProperties) = preSolution
		HideSolutionNode = FALSE
	EndGlobalSection
	GlobalSection(ExtensibilityGlobals) = postSolution
		SolutionGuid = {1F9E0132-A9EB-45B1-AF37-C336F4E6A457}
	EndGlobalSection
EndGlobal
