
Microsoft Visual Studio Solution File, Format Version 12.00
# Visual Studio Version 16
VisualStudioVersion = 16.0.30804.86
MinimumVisualStudioVersion = 10.0.40219.1
Project("{9A19103F-16F7-4668-BE54-9A1E7A4F7556}") = "AdventOfCode2020.Day01", "src\AdventOfCode2020.Day01\AdventOfCode2020.Day01.csproj", "{99F0ACB2-EE91-44D4-A943-482706F9F48F}"
EndProject
Project("{2150E333-8FDC-42A3-9474-1A3956D46DE8}") = "Solution Items", "Solution Items", "{D37BDAC3-2BEA-4CBC-BED6-8288D5AA62A5}"
	ProjectSection(SolutionItems) = preProject
		Directory.Build.props = Directory.Build.props
	EndProjectSection
EndProject
Project("{FAE04EC0-301F-11D3-BF4B-00C04F79EFBC}") = "AdventOfCode2020.Day02", "src\AdventOfCode2020.Day02\AdventOfCode2020.Day02.csproj", "{E26247B1-F07C-471A-A1C2-D5C558C4313B}"
EndProject
Global
	GlobalSection(SolutionConfigurationPlatforms) = preSolution
		Debug|Any CPU = Debug|Any CPU
		Release|Any CPU = Release|Any CPU
	EndGlobalSection
	GlobalSection(ProjectConfigurationPlatforms) = postSolution
		{99F0ACB2-EE91-44D4-A943-482706F9F48F}.Debug|Any CPU.ActiveCfg = Debug|Any CPU
		{99F0ACB2-EE91-44D4-A943-482706F9F48F}.Debug|Any CPU.Build.0 = Debug|Any CPU
		{99F0ACB2-EE91-44D4-A943-482706F9F48F}.Release|Any CPU.ActiveCfg = Release|Any CPU
		{99F0ACB2-EE91-44D4-A943-482706F9F48F}.Release|Any CPU.Build.0 = Release|Any CPU
		{E26247B1-F07C-471A-A1C2-D5C558C4313B}.Debug|Any CPU.ActiveCfg = Debug|Any CPU
		{E26247B1-F07C-471A-A1C2-D5C558C4313B}.Debug|Any CPU.Build.0 = Debug|Any CPU
		{E26247B1-F07C-471A-A1C2-D5C558C4313B}.Release|Any CPU.ActiveCfg = Release|Any CPU
		{E26247B1-F07C-471A-A1C2-D5C558C4313B}.Release|Any CPU.Build.0 = Release|Any CPU
	EndGlobalSection
	GlobalSection(SolutionProperties) = preSolution
		HideSolutionNode = FALSE
	EndGlobalSection
	GlobalSection(ExtensibilityGlobals) = postSolution
		SolutionGuid = {1F9E0132-A9EB-45B1-AF37-C336F4E6A457}
	EndGlobalSection
EndGlobal
