
Microsoft Visual Studio Solution File, Format Version 12.00
# Visual Studio Version 16
VisualStudioVersion = 16.0.30804.86
MinimumVisualStudioVersion = 10.0.40219.1
Project("{9A19103F-16F7-4668-BE54-9A1E7A4F7556}") = "AdventOfCode2020.Day01", "src\AdventOfCode2020.Day01\AdventOfCode2020.Day01.csproj", "{99F0ACB2-EE91-44D4-A943-482706F9F48F}"
EndProject
Project("{2150E333-8FDC-42A3-9474-1A3956D46DE8}") = "Solution Items", "Solution Items", "{D37BDAC3-2BEA-4CBC-BED6-8288D5AA62A5}"
	ProjectSection(SolutionItems) = preProject
		Directory.Build.props = Directory.Build.props
	EndProjectSection
EndProject
Project("{9A19103F-16F7-4668-BE54-9A1E7A4F7556}") = "AdventOfCode2020.Day02", "src\AdventOfCode2020.Day02\AdventOfCode2020.Day02.csproj", "{E26247B1-F07C-471A-A1C2-D5C558C4313B}"
EndProject
Project("{9A19103F-16F7-4668-BE54-9A1E7A4F7556}") = "AdventOfCode2020.Day03", "src\AdventOfCode2020.Day03\AdventOfCode2020.Day03.csproj", "{C6352106-CDD1-4207-9AC6-F711BF9CCF20}"
EndProject
Project("{9A19103F-16F7-4668-BE54-9A1E7A4F7556}") = "AdventOfCode2020.Day03.Tests", "test\AdventOfCode2020.Day03.Tests\AdventOfCode2020.Day03.Tests.csproj", "{343F258D-C5A5-4423-B3C7-63E60B5A7C68}"
EndProject
Project("{9A19103F-16F7-4668-BE54-9A1E7A4F7556}") = "AdventOfCode2020.Day04", "src\AdventOfCode2020.Day04\AdventOfCode2020.Day04.csproj", "{E8B369D7-9950-4898-8F2F-817166A86C17}"
EndProject
Project("{9A19103F-16F7-4668-BE54-9A1E7A4F7556}") = "AdventOfCode2020.Day05", "src\AdventOfCode2020.Day05\AdventOfCode2020.Day05.csproj", "{FDF3420D-8B98-4217-998F-DFDE6087FCE9}"
EndProject
Project("{FAE04EC0-301F-11D3-BF4B-00C04F79EFBC}") = "AdventOfCode2020.Day06", "src\AdventOfCode2020.Day06\AdventOfCode2020.Day06.csproj", "{F7F0329A-7BE6-43EB-B3DD-6EBA2680552C}"
EndProject
Project("{FAE04EC0-301F-11D3-BF4B-00C04F79EFBC}") = "AdventOfCode2020.Day07", "src\AdventOfCode2020.Day07\AdventOfCode2020.Day07.csproj", "{4CDC52ED-3923-436D-B06B-25C51C9F5A77}"
EndProject
Project("{FAE04EC0-301F-11D3-BF4B-00C04F79EFBC}") = "AdventOfCode2020.Day07.Tests", "test\AdventOfCode2020.Day07.Tests\AdventOfCode2020.Day07.Tests.csproj", "{FB4C5E37-39C8-4E75-B87F-037CEC25FF5B}"
EndProject
Project("{FAE04EC0-301F-11D3-BF4B-00C04F79EFBC}") = "AdventOfCode2020.Day08", "src\AdventOfCode2020.Day08\AdventOfCode2020.Day08.csproj", "{4F5D3533-EC86-43DA-B54A-805F24E77C81}"
EndProject
Global
	GlobalSection(SolutionConfigurationPlatforms) = preSolution
		Debug|Any CPU = Debug|Any CPU
		Release|Any CPU = Release|Any CPU
	EndGlobalSection
	GlobalSection(ProjectConfigurationPlatforms) = postSolution
		{99F0ACB2-EE91-44D4-A943-482706F9F48F}.Debug|Any CPU.ActiveCfg = Debug|Any CPU
		{99F0ACB2-EE91-44D4-A943-482706F9F48F}.Debug|Any CPU.Build.0 = Debug|Any CPU
		{99F0ACB2-EE91-44D4-A943-482706F9F48F}.Release|Any CPU.ActiveCfg = Release|Any CPU
		{99F0ACB2-EE91-44D4-A943-482706F9F48F}.Release|Any CPU.Build.0 = Release|Any CPU
		{E26247B1-F07C-471A-A1C2-D5C558C4313B}.Debug|Any CPU.ActiveCfg = Debug|Any CPU
		{E26247B1-F07C-471A-A1C2-D5C558C4313B}.Debug|Any CPU.Build.0 = Debug|Any CPU
		{E26247B1-F07C-471A-A1C2-D5C558C4313B}.Release|Any CPU.ActiveCfg = Release|Any CPU
		{E26247B1-F07C-471A-A1C2-D5C558C4313B}.Release|Any CPU.Build.0 = Release|Any CPU
		{C6352106-CDD1-4207-9AC6-F711BF9CCF20}.Debug|Any CPU.ActiveCfg = Debug|Any CPU
		{C6352106-CDD1-4207-9AC6-F711BF9CCF20}.Debug|Any CPU.Build.0 = Debug|Any CPU
		{C6352106-CDD1-4207-9AC6-F711BF9CCF20}.Release|Any CPU.ActiveCfg = Release|Any CPU
		{C6352106-CDD1-4207-9AC6-F711BF9CCF20}.Release|Any CPU.Build.0 = Release|Any CPU
		{343F258D-C5A5-4423-B3C7-63E60B5A7C68}.Debug|Any CPU.ActiveCfg = Debug|Any CPU
		{343F258D-C5A5-4423-B3C7-63E60B5A7C68}.Debug|Any CPU.Build.0 = Debug|Any CPU
		{343F258D-C5A5-4423-B3C7-63E60B5A7C68}.Release|Any CPU.ActiveCfg = Release|Any CPU
		{343F258D-C5A5-4423-B3C7-63E60B5A7C68}.Release|Any CPU.Build.0 = Release|Any CPU
		{E8B369D7-9950-4898-8F2F-817166A86C17}.Debug|Any CPU.ActiveCfg = Debug|Any CPU
		{E8B369D7-9950-4898-8F2F-817166A86C17}.Debug|Any CPU.Build.0 = Debug|Any CPU
		{E8B369D7-9950-4898-8F2F-817166A86C17}.Release|Any CPU.ActiveCfg = Release|Any CPU
		{E8B369D7-9950-4898-8F2F-817166A86C17}.Release|Any CPU.Build.0 = Release|Any CPU
		{FDF3420D-8B98-4217-998F-DFDE6087FCE9}.Debug|Any CPU.ActiveCfg = Debug|Any CPU
		{FDF3420D-8B98-4217-998F-DFDE6087FCE9}.Debug|Any CPU.Build.0 = Debug|Any CPU
		{FDF3420D-8B98-4217-998F-DFDE6087FCE9}.Release|Any CPU.ActiveCfg = Release|Any CPU
		{FDF3420D-8B98-4217-998F-DFDE6087FCE9}.Release|Any CPU.Build.0 = Release|Any CPU
		{F7F0329A-7BE6-43EB-B3DD-6EBA2680552C}.Debug|Any CPU.ActiveCfg = Debug|Any CPU
		{F7F0329A-7BE6-43EB-B3DD-6EBA2680552C}.Debug|Any CPU.Build.0 = Debug|Any CPU
		{F7F0329A-7BE6-43EB-B3DD-6EBA2680552C}.Release|Any CPU.ActiveCfg = Release|Any CPU
		{F7F0329A-7BE6-43EB-B3DD-6EBA2680552C}.Release|Any CPU.Build.0 = Release|Any CPU
		{4CDC52ED-3923-436D-B06B-25C51C9F5A77}.Debug|Any CPU.ActiveCfg = Debug|Any CPU
		{4CDC52ED-3923-436D-B06B-25C51C9F5A77}.Debug|Any CPU.Build.0 = Debug|Any CPU
		{4CDC52ED-3923-436D-B06B-25C51C9F5A77}.Release|Any CPU.ActiveCfg = Release|Any CPU
		{4CDC52ED-3923-436D-B06B-25C51C9F5A77}.Release|Any CPU.Build.0 = Release|Any CPU
		{FB4C5E37-39C8-4E75-B87F-037CEC25FF5B}.Debug|Any CPU.ActiveCfg = Debug|Any CPU
		{FB4C5E37-39C8-4E75-B87F-037CEC25FF5B}.Debug|Any CPU.Build.0 = Debug|Any CPU
		{FB4C5E37-39C8-4E75-B87F-037CEC25FF5B}.Release|Any CPU.ActiveCfg = Release|Any CPU
		{FB4C5E37-39C8-4E75-B87F-037CEC25FF5B}.Release|Any CPU.Build.0 = Release|Any CPU
		{4F5D3533-EC86-43DA-B54A-805F24E77C81}.Debug|Any CPU.ActiveCfg = Debug|Any CPU
		{4F5D3533-EC86-43DA-B54A-805F24E77C81}.Debug|Any CPU.Build.0 = Debug|Any CPU
		{4F5D3533-EC86-43DA-B54A-805F24E77C81}.Release|Any CPU.ActiveCfg = Release|Any CPU
		{4F5D3533-EC86-43DA-B54A-805F24E77C81}.Release|Any CPU.Build.0 = Release|Any CPU
	EndGlobalSection
	GlobalSection(SolutionProperties) = preSolution
		HideSolutionNode = FALSE
	EndGlobalSection
	GlobalSection(ExtensibilityGlobals) = postSolution
		SolutionGuid = {1F9E0132-A9EB-45B1-AF37-C336F4E6A457}
	EndGlobalSection
EndGlobal
